
Microsoft Visual Studio Solution File, Format Version 12.00
# Visual Studio 15
VisualStudioVersion = 15.0.27130.2036
MinimumVisualStudioVersion = 10.0.40219.1
Project("{FAE04EC0-301F-11D3-BF4B-00C04F79EFBC}") = "NCStudio.MVVM", "NCStudio.MVVM.csproj", "{D7AF06BF-E78F-45CB-8056-1298D48EBC96}"
EndProject
Project("{2150E333-8FDC-42A3-9474-1A3956D46DE8}") = "Solution Items", "Solution Items", "{27DD42F1-D690-4A90-BAA7-F40C1860D1E5}"
	ProjectSection(SolutionItems) = preProject
		..\README.md = ..\README.md
	EndProjectSection
EndProject
Global
	GlobalSection(SolutionConfigurationPlatforms) = preSolution
		Debug|Any CPU = Debug|Any CPU
		Release|Any CPU = Release|Any CPU
	EndGlobalSection
	GlobalSection(ProjectConfigurationPlatforms) = postSolution
		{D7AF06BF-E78F-45CB-8056-1298D48EBC96}.Debug|Any CPU.ActiveCfg = Debug|Any CPU
		{D7AF06BF-E78F-45CB-8056-1298D48EBC96}.Debug|Any CPU.Build.0 = Debug|Any CPU
		{D7AF06BF-E78F-45CB-8056-1298D48EBC96}.Release|Any CPU.ActiveCfg = Release|Any CPU
		{D7AF06BF-E78F-45CB-8056-1298D48EBC96}.Release|Any CPU.Build.0 = Release|Any CPU
	EndGlobalSection
	GlobalSection(SolutionProperties) = preSolution
		HideSolutionNode = FALSE
	EndGlobalSection
	GlobalSection(ExtensibilityGlobals) = postSolution
		SolutionGuid = {6E28B051-9DEE-4985-8112-B631668CA4E0}
	EndGlobalSection
EndGlobal
